Microsoft Visual Studio Solution File, Format Version 12.00
# Visual Studio 2012
Project("{FAE04EC0-301F-11D3-BF4B-00C04F79EFBC}") = "cardVisual", "cardVisual.csproj", "{86118730-E625-466B-B35D-4C6F375E65E6}"
EndProject
Global
	GlobalSection(SolutionConfigurationPlatforms) = preSolution
	Debug|Any CPU = Debug|Any CPU
	ExportDebug|Any CPU = ExportDebug|Any CPU
	ExportRelease|Any CPU = ExportRelease|Any CPU
	EndGlobalSection
	GlobalSection(ProjectConfigurationPlatforms) = postSolution
		{86118730-E625-466B-B35D-4C6F375E65E6}.Debug|Any CPU.ActiveCfg = Debug|Any CPU
		{86118730-E625-466B-B35D-4C6F375E65E6}.Debug|Any CPU.Build.0 = Debug|Any CPU
		{86118730-E625-466B-B35D-4C6F375E65E6}.ExportDebug|Any CPU.ActiveCfg = ExportDebug|Any CPU
		{86118730-E625-466B-B35D-4C6F375E65E6}.ExportDebug|Any CPU.Build.0 = ExportDebug|Any CPU
		{86118730-E625-466B-B35D-4C6F375E65E6}.ExportRelease|Any CPU.ActiveCfg = ExportRelease|Any CPU
		{86118730-E625-466B-B35D-4C6F375E65E6}.ExportRelease|Any CPU.Build.0 = ExportRelease|Any CPU
	EndGlobalSection
EndGlobal
